
Microsoft Visual Studio Solution File, Format Version 12.00
# Visual Studio Version 17
VisualStudioVersion = 17.2.32516.85
MinimumVisualStudioVersion = 10.0.40219.1
Project("{9A19103F-16F7-4668-BE54-9A1E7A4F7556}") = "NET6_Calculator_API", "NET6_Calculator_API\NET6_Calculator_API.csproj", "{ABAC6767-E844-4F80-A271-D58545723BCD}"
EndProject
Project("{FAE04EC0-301F-11D3-BF4B-00C04F79EFBC}") = "UnitTests", "UnitTests\UnitTests.csproj", "{F8F91295-5933-4748-BE7B-6A88722711CA}"
EndProject
Global
	GlobalSection(SolutionConfigurationPlatforms) = preSolution
		Debug|Any CPU = Debug|Any CPU
		Release|Any CPU = Release|Any CPU
	EndGlobalSection
	GlobalSection(ProjectConfigurationPlatforms) = postSolution
		{ABAC6767-E844-4F80-A271-D58545723BCD}.Debug|Any CPU.ActiveCfg = Debug|Any CPU
		{ABAC6767-E844-4F80-A271-D58545723BCD}.Debug|Any CPU.Build.0 = Debug|Any CPU
		{ABAC6767-E844-4F80-A271-D58545723BCD}.Release|Any CPU.ActiveCfg = Release|Any CPU
		{ABAC6767-E844-4F80-A271-D58545723BCD}.Release|Any CPU.Build.0 = Release|Any CPU
		{F8F91295-5933-4748-BE7B-6A88722711CA}.Debug|Any CPU.ActiveCfg = Debug|Any CPU
		{F8F91295-5933-4748-BE7B-6A88722711CA}.Debug|Any CPU.Build.0 = Debug|Any CPU
		{F8F91295-5933-4748-BE7B-6A88722711CA}.Release|Any CPU.ActiveCfg = Release|Any CPU
		{F8F91295-5933-4748-BE7B-6A88722711CA}.Release|Any CPU.Build.0 = Release|Any CPU
	EndGlobalSection
	GlobalSection(SolutionProperties) = preSolution
		HideSolutionNode = FALSE
	EndGlobalSection
	GlobalSection(ExtensibilityGlobals) = postSolution
		SolutionGuid = {0A35A262-89D2-428A-B87D-3F819316DC79}
	EndGlobalSection
EndGlobal
